{
  "name": "rails-BIKE",
  "requires": true,
  "lockfileVersion": 1,
  "dependencies": {
    "@vimeo/player": {
      "version": "2.2.1",
      "resolved": "https://registry.npmjs.org/@vimeo/player/-/player-2.2.1.tgz",
      "integrity": "sha512-nUWsoj17WAb4+WOAcnpsDw35l2eW96BUKChcgNuymjpzIGSfispmy6L5w6f2jr3RmJtsfF5LFpKTDpSx8cGkLA==",
      "requires": {
        "es6-collections": "0.5.6",
        "native-promise-only": "0.8.1"
      }
    },
    "es6-collections": {
      "version": "0.5.6",
      "resolved": "https://registry.npmjs.org/es6-collections/-/es6-collections-0.5.6.tgz",
      "integrity": "sha1-VVLoAK0SwYIM2ivUp5rn27A9iaI="
    },
    "native-promise-only": {
      "version": "0.8.1",
      "resolved": "https://registry.npmjs.org/native-promise-only/-/native-promise-only-0.8.1.tgz",
      "integrity": "sha1-IKMYwwy0X3H+et+/eyHJnBRy7xE="
    }
  }
}
